
Microsoft Visual Studio Solution File, Format Version 12.00
# Visual Studio Version 17
VisualStudioVersion = 17.5.33627.172
MinimumVisualStudioVersion = 10.0.40219.1
Project("{FAE04EC0-301F-11D3-BF4B-00C04F79EFBC}") = "Workaround", "Workaround\Workaround.csproj", "{EA03C8AA-809F-459A-9348-8F594D5608A5}"
EndProject
Project("{FAE04EC0-301F-11D3-BF4B-00C04F79EFBC}") = "Entities", "Entities\Entities.csproj", "{04D59C55-8F37-4CAB-B303-8259F9813958}"
EndProject
Project("{FAE04EC0-301F-11D3-BF4B-00C04F79EFBC}") = "Business", "Business\Business.csproj", "{952AF0A2-C2AD-4F93-8D43-0B1E37BA8318}"
EndProject
Global
	GlobalSection(SolutionConfigurationPlatforms) = preSolution
		Debug|Any CPU = Debug|Any CPU
		Release|Any CPU = Release|Any CPU
	EndGlobalSection
	GlobalSection(ProjectConfigurationPlatforms) = postSolution
		{EA03C8AA-809F-459A-9348-8F594D5608A5}.Debug|Any CPU.ActiveCfg = Debug|Any CPU
		{EA03C8AA-809F-459A-9348-8F594D5608A5}.Debug|Any CPU.Build.0 = Debug|Any CPU
		{EA03C8AA-809F-459A-9348-8F594D5608A5}.Release|Any CPU.ActiveCfg = Release|Any CPU
		{EA03C8AA-809F-459A-9348-8F594D5608A5}.Release|Any CPU.Build.0 = Release|Any CPU
		{04D59C55-8F37-4CAB-B303-8259F9813958}.Debug|Any CPU.ActiveCfg = Debug|Any CPU
		{04D59C55-8F37-4CAB-B303-8259F9813958}.Debug|Any CPU.Build.0 = Debug|Any CPU
		{04D59C55-8F37-4CAB-B303-8259F9813958}.Release|Any CPU.ActiveCfg = Release|Any CPU
		{04D59C55-8F37-4CAB-B303-8259F9813958}.Release|Any CPU.Build.0 = Release|Any CPU
		{952AF0A2-C2AD-4F93-8D43-0B1E37BA8318}.Debug|Any CPU.ActiveCfg = Debug|Any CPU
		{952AF0A2-C2AD-4F93-8D43-0B1E37BA8318}.Debug|Any CPU.Build.0 = Debug|Any CPU
		{952AF0A2-C2AD-4F93-8D43-0B1E37BA8318}.Release|Any CPU.ActiveCfg = Release|Any CPU
		{952AF0A2-C2AD-4F93-8D43-0B1E37BA8318}.Release|Any CPU.Build.0 = Release|Any CPU
	EndGlobalSection
	GlobalSection(SolutionProperties) = preSolution
		HideSolutionNode = FALSE
	EndGlobalSection
	GlobalSection(ExtensibilityGlobals) = postSolution
		SolutionGuid = {ACEFBD2F-1DA7-467E-89F5-C354ECACAD5C}
	EndGlobalSection
EndGlobal
